dependencies:
- name: botium-box-prisma
  repository: file://../botium-box-prisma
  version: 2.0.6
- name: botium-box-redis
  repository: file://../botium-box-redis
  version: 0.0.1
- name: botium-box-zap
  repository: file://../botium-box-zap
  version: 0.0.1
digest: sha256:cabb3cdf2e06bea4dacb7d9637385aa7ff7d30f95fa617bdc0b242015ee70dcf
generated: "2021-03-09T08:34:36.573987375+01:00"
